
Microsoft Visual Studio Solution File, Format Version 12.00
# Visual Studio 2015
Project("{FAE04EC0-301F-11D3-BF4B-00C04F79EFBC}") = "Unity-Movement-Test.CSharp", "Unity-Movement-Test.CSharp.csproj", "{12B817F9-BC6E-464D-5567-BF64D03FCA58}"
EndProject
Project("{FAE04EC0-301F-11D3-BF4B-00C04F79EFBC}") = "Unity-Movement-Test.CSharp.Editor", "Unity-Movement-Test.CSharp.Editor.csproj", "{ADCF64B6-83A2-FBC7-D74E-C33BAF2FCA7F}"
EndProject
Global
	GlobalSection(SolutionConfigurationPlatforms) = preSolution
		Debug|Any CPU = Debug|Any CPU
		Release|Any CPU = Release|Any CPU
	EndGlobalSection
	GlobalSection(ProjectConfigurationPlatforms) = postSolution
		{12B817F9-BC6E-464D-5567-BF64D03FCA58}.Debug|Any CPU.ActiveCfg = Debug|Any CPU
		{12B817F9-BC6E-464D-5567-BF64D03FCA58}.Debug|Any CPU.Build.0 = Debug|Any CPU
		{12B817F9-BC6E-464D-5567-BF64D03FCA58}.Release|Any CPU.ActiveCfg = Release|Any CPU
		{12B817F9-BC6E-464D-5567-BF64D03FCA58}.Release|Any CPU.Build.0 = Release|Any CPU
		{ADCF64B6-83A2-FBC7-D74E-C33BAF2FCA7F}.Debug|Any CPU.ActiveCfg = Debug|Any CPU
		{ADCF64B6-83A2-FBC7-D74E-C33BAF2FCA7F}.Debug|Any CPU.Build.0 = Debug|Any CPU
		{ADCF64B6-83A2-FBC7-D74E-C33BAF2FCA7F}.Release|Any CPU.ActiveCfg = Release|Any CPU
		{ADCF64B6-83A2-FBC7-D74E-C33BAF2FCA7F}.Release|Any CPU.Build.0 = Release|Any CPU
	EndGlobalSection
	GlobalSection(SolutionProperties) = preSolution
		HideSolutionNode = FALSE
	EndGlobalSection
EndGlobal
